
Microsoft Visual Studio Solution File, Format Version 12.00
# Visual Studio Version 17
VisualStudioVersion = 17.5.33627.172
MinimumVisualStudioVersion = 10.0.40219.1
Project("{9A19103F-16F7-4668-BE54-9A1E7A4F7556}") = "FaeCrypt", "FaeCrypt\FaeCrypt.csproj", "{9EA4C904-B37F-4332-9DC7-D470522A755A}"
EndProject
Project("{9A19103F-16F7-4668-BE54-9A1E7A4F7556}") = "TestCode", "TestCode\TestCode.csproj", "{7ABAD7CD-CEDF-40C2-9980-F84F3D2B3049}"
EndProject
Project("{9A19103F-16F7-4668-BE54-9A1E7A4F7556}") = "FAegis", "FAegis\FAegis.csproj", "{32A33231-85E9-4E51-9713-156EA6D748E3}"
EndProject
Global
	GlobalSection(SolutionConfigurationPlatforms) = preSolution
		Debug|Any CPU = Debug|Any CPU
		Release|Any CPU = Release|Any CPU
	EndGlobalSection
	GlobalSection(ProjectConfigurationPlatforms) = postSolution
		{9EA4C904-B37F-4332-9DC7-D470522A755A}.Debug|Any CPU.ActiveCfg = Debug|Any CPU
		{9EA4C904-B37F-4332-9DC7-D470522A755A}.Debug|Any CPU.Build.0 = Debug|Any CPU
		{9EA4C904-B37F-4332-9DC7-D470522A755A}.Release|Any CPU.ActiveCfg = Release|Any CPU
		{9EA4C904-B37F-4332-9DC7-D470522A755A}.Release|Any CPU.Build.0 = Release|Any CPU
		{7ABAD7CD-CEDF-40C2-9980-F84F3D2B3049}.Debug|Any CPU.ActiveCfg = Debug|Any CPU
		{7ABAD7CD-CEDF-40C2-9980-F84F3D2B3049}.Debug|Any CPU.Build.0 = Debug|Any CPU
		{7ABAD7CD-CEDF-40C2-9980-F84F3D2B3049}.Release|Any CPU.ActiveCfg = Release|Any CPU
		{7ABAD7CD-CEDF-40C2-9980-F84F3D2B3049}.Release|Any CPU.Build.0 = Release|Any CPU
		{32A33231-85E9-4E51-9713-156EA6D748E3}.Debug|Any CPU.ActiveCfg = Debug|Any CPU
		{32A33231-85E9-4E51-9713-156EA6D748E3}.Debug|Any CPU.Build.0 = Debug|Any CPU
		{32A33231-85E9-4E51-9713-156EA6D748E3}.Release|Any CPU.ActiveCfg = Release|Any CPU
		{32A33231-85E9-4E51-9713-156EA6D748E3}.Release|Any CPU.Build.0 = Release|Any CPU
	EndGlobalSection
	GlobalSection(SolutionProperties) = preSolution
		HideSolutionNode = FALSE
	EndGlobalSection
	GlobalSection(ExtensibilityGlobals) = postSolution
		SolutionGuid = {061FFE1A-8D02-48F6-A45D-FE765E385B84}
	EndGlobalSection
EndGlobal
